// !$*UTF8*$!
{
	archiveVersion = 1;
	classes = {
	};
	objectVersion = 50;
	objects = {

/* Begin PBXBuildFile section */
		2E7D4BC600505DB2C75F5495 /* Pods_CalculatorApp_CalculatorAppUITests.framework in Frameworks */ = {isa = PBXBuildFile; fileRef = 0C801E362F215127CA114AF2 /* Pods_CalculatorApp_CalculatorAppUITests.framework */; };
		542E13A6D9E5644ACE697663 /* Pods_CalculatorAppTests.framework in Frameworks */ = {isa = PBXBuildFile; fileRef = FB831F9786E1A1436D905125 /* Pods_CalculatorAppTests.framework */; };
		661FF19855AE3FA83ADF6276 /* Pods_CalculatorApp.framework in Frameworks */ = {isa = PBXBuildFile; fileRef = DEAD07B13ACF428BC44AF761 /* Pods_CalculatorApp.framework */; };
		CC9CC33E24014A920066FC52 /* AppDelegate.swift in Sources */ = {isa = PBXBuildFile; fileRef = CC9CC33D24014A920066FC52 /* AppDelegate.swift */; };
		CC9CC34024014A920066FC52 /* SceneDelegate.swift in Sources */ = {isa = PBXBuildFile; fileRef = CC9CC33F24014A920066FC52 /* SceneDelegate.swift */; };
		CC9CC34224014A920066FC52 /* ContentView.swift in Sources */ = {isa = PBXBuildFile; fileRef = CC9CC34124014A920066FC52 /* ContentView.swift */; };
		CC9CC34424014A920066FC52 /* Assets.xcassets in Resources */ = {isa = PBXBuildFile; fileRef = CC9CC34324014A920066FC52 /* Assets.xcassets */; };
		CC9CC34724014A920066FC52 /* Preview Assets.xcassets in Resources */ = {isa = PBXBuildFile; fileRef = CC9CC34624014A920066FC52 /* Preview Assets.xcassets */; };
		CC9CC34A24014A920066FC52 /* LaunchScreen.storyboard in Resources */ = {isa = PBXBuildFile; fileRef = CC9CC34824014A920066FC52 /* LaunchScreen.storyboard */; };
		CC9CC35524014A920066FC52 /* CalculatorAppTests.swift in Sources */ = {isa = PBXBuildFile; fileRef = CC9CC35424014A920066FC52 /* CalculatorAppTests.swift */; };
		CC9CC36024014A920066FC52 /* CalculatorAppUITests.swift in Sources */ = {isa = PBXBuildFile; fileRef = CC9CC35F24014A920066FC52 /* CalculatorAppUITests.swift */; };
/* End PBXBuildFile section */

/* Begin PBXContainerItemProxy section */
		CC9CC35124014A920066FC52 /* PBXContainerItemProxy */ = {
			isa = PBXContainerItemProxy;
			containerPortal = CC9CC33224014A920066FC52 /* Project object */;
			proxyType = 1;
			remoteGlobalIDString = CC9CC33924014A920066FC52;
			remoteInfo = CalculatorApp;
		};
		CC9CC35C24014A920066FC52 /* PBXContainerItemProxy */ = {
			isa = PBXContainerItemProxy;
			containerPortal = CC9CC33224014A920066FC52 /* Project object */;
			proxyType = 1;
			remoteGlobalIDString = CC9CC33924014A920066FC52;
			remoteInfo = CalculatorApp;
		};
/* End PBXContainerItemProxy section */

/* Begin PBXFileReference section */
		02C8B345954AE681B794045E /* Pods-CalculatorApp.debug.xcconfig */ = {isa = PBXFileReference; includeInIndex = 1; lastKnownFileType = text.xcconfig; name = "Pods-CalculatorApp.debug.xcconfig"; path = "Target Support Files/Pods-CalculatorApp/Pods-CalculatorApp.debug.xcconfig"; sourceTree = "<group>"; };
		0C801E362F215127CA114AF2 /* Pods_CalculatorApp_CalculatorAppUITests.framework */ = {isa = PBXFileReference; explicitFileType = wrapper.framework; includeInIndex = 0; path = Pods_CalculatorApp_CalculatorAppUITests.framework; sourceTree = BUILT_PRODUCTS_DIR; };
		1D6311637BE3AB31623D336C /* Pods-CalculatorApp-CalculatorAppUITests.debug.xcconfig */ = {isa = PBXFileReference; includeInIndex = 1; lastKnownFileType = text.xcconfig; name = "Pods-CalculatorApp-CalculatorAppUITests.debug.xcconfig"; path = "Target Support Files/Pods-CalculatorApp-CalculatorAppUITests/Pods-CalculatorApp-CalculatorAppUITests.debug.xcconfig"; sourceTree = "<group>"; };
		5E6DB7855636992F33F5878C /* Pods-CalculatorApp.release.xcconfig */ = {isa = PBXFileReference; includeInIndex = 1; lastKnownFileType = text.xcconfig; name = "Pods-CalculatorApp.release.xcconfig"; path = "Target Support Files/Pods-CalculatorApp/Pods-CalculatorApp.release.xcconfig"; sourceTree = "<group>"; };
		7E50947FDB877F4A7F9827D7 /* Pods-CalculatorAppTests.debug.xcconfig */ = {isa = PBXFileReference; includeInIndex = 1; lastKnownFileType = text.xcconfig; name = "Pods-CalculatorAppTests.debug.xcconfig"; path = "Target Support Files/Pods-CalculatorAppTests/Pods-CalculatorAppTests.debug.xcconfig"; sourceTree = "<group>"; };
		7E7F3CECF1AFD311B4559F23 /* Pods-CalculatorAppTests.release.xcconfig */ = {isa = PBXFileReference; includeInIndex = 1; lastKnownFileType = text.xcconfig; name = "Pods-CalculatorAppTests.release.xcconfig"; path = "Target Support Files/Pods-CalculatorAppTests/Pods-CalculatorAppTests.release.xcconfig"; sourceTree = "<group>"; };
		9DDCEEDEF9FFCD87F7AC4511 /* Pods-CalculatorApp-CalculatorAppUITests.release.xcconfig */ = {isa = PBXFileReference; includeInIndex = 1; lastKnownFileType = text.xcconfig; name = "Pods-CalculatorApp-CalculatorAppUITests.release.xcconfig"; path = "Target Support Files/Pods-CalculatorApp-CalculatorAppUITests/Pods-CalculatorApp-CalculatorAppUITests.release.xcconfig"; sourceTree = "<group>"; };
		CC9CC33A24014A920066FC52 /* CalculatorApp.app */ = {isa = PBXFileReference; explicitFileType = wrapper.application; includeInIndex = 0; path = CalculatorApp.app; sourceTree = BUILT_PRODUCTS_DIR; };
		CC9CC33D24014A920066FC52 /* AppDelegate.swift */ = {isa = PBXFileReference; lastKnownFileType = sourcecode.swift; path = AppDelegate.swift; sourceTree = "<group>"; };
		CC9CC33F24014A920066FC52 /* SceneDelegate.swift */ = {isa = PBXFileReference; lastKnownFileType = sourcecode.swift; path = SceneDelegate.swift; sourceTree = "<group>"; };
		CC9CC34124014A920066FC52 /* ContentView.swift */ = {isa = PBXFileReference; lastKnownFileType = sourcecode.swift; path = ContentView.swift; sourceTree = "<group>"; };
		CC9CC34324014A920066FC52 /* Assets.xcassets */ = {isa = PBXFileReference; lastKnownFileType = folder.assetcatalog; path = Assets.xcassets; sourceTree = "<group>"; };
		CC9CC34624014A920066FC52 /* Preview Assets.xcassets */ = {isa = PBXFileReference; lastKnownFileType = folder.assetcatalog; path = "Preview Assets.xcassets"; sourceTree = "<group>"; };
		CC9CC34924014A920066FC52 /* Base */ = {isa = PBXFileReference; lastKnownFileType = file.storyboard; name = Base; path = Base.lproj/LaunchScreen.storyboard; sourceTree = "<group>"; };
		CC9CC34B24014A920066FC52 /* Info.plist */ = {isa = PBXFileReference; lastKnownFileType = text.plist.xml; path = Info.plist; sourceTree = "<group>"; };
		CC9CC35024014A920066FC52 /* CalculatorAppTests.xctest */ = {isa = PBXFileReference; explicitFileType = wrapper.cfbundle; includeInIndex = 0; path = CalculatorAppTests.xctest; sourceTree = BUILT_PRODUCTS_DIR; };
		CC9CC35424014A920066FC52 /* CalculatorAppTests.swift */ = {isa = PBXFileReference; lastKnownFileType = sourcecode.swift; path = CalculatorAppTests.swift; sourceTree = "<group>"; };
		CC9CC35624014A920066FC52 /* Info.plist */ = {isa = PBXFileReference; lastKnownFileType = text.plist.xml; path = Info.plist; sourceTree = "<group>"; };
		CC9CC35B24014A920066FC52 /* CalculatorAppUITests.xctest */ = {isa = PBXFileReference; explicitFileType = wrapper.cfbundle; includeInIndex = 0; path = CalculatorAppUITests.xctest; sourceTree = BUILT_PRODUCTS_DIR; };
		CC9CC35F24014A920066FC52 /* CalculatorAppUITests.swift */ = {isa = PBXFileReference; lastKnownFileType = sourcecode.swift; path = CalculatorAppUITests.swift; sourceTree = "<group>"; };
		CC9CC36124014A920066FC52 /* Info.plist */ = {isa = PBXFileReference; lastKnownFileType = text.plist.xml; path = Info.plist; sourceTree = "<group>"; };
		DEAD07B13ACF428BC44AF761 /* Pods_CalculatorApp.framework */ = {isa = PBXFileReference; explicitFileType = wrapper.framework; includeInIndex = 0; path = Pods_CalculatorApp.framework; sourceTree = BUILT_PRODUCTS_DIR; };
		FB831F9786E1A1436D905125 /* Pods_CalculatorAppTests.framework */ = {isa = PBXFileReference; explicitFileType = wrapper.framework; includeInIndex = 0; path = Pods_CalculatorAppTests.framework; sourceTree = BUILT_PRODUCTS_DIR; };
/* End PBXFileReference section */

/* Begin PBXFrameworksBuildPhase section */
		CC9CC33724014A920066FC52 /* Frameworks */ = {
			isa = PBXFrameworksBuildPhase;
			buildActionMask = 2147483647;
			files = (
				661FF19855AE3FA83ADF6276 /* Pods_CalculatorApp.framework in Frameworks */,
			);
			runOnlyForDeploymentPostprocessing = 0;
		};
		CC9CC34D24014A920066FC52 /* Frameworks */ = {
			isa = PBXFrameworksBuildPhase;
			buildActionMask = 2147483647;
			files = (
				542E13A6D9E5644ACE697663 /* Pods_CalculatorAppTests.framework in Frameworks */,
			);
			runOnlyForDeploymentPostprocessing = 0;
		};
		CC9CC35824014A920066FC52 /* Frameworks */ = {
			isa = PBXFrameworksBuildPhase;
			buildActionMask = 2147483647;
			files = (
				2E7D4BC600505DB2C75F5495 /* Pods_CalculatorApp_CalculatorAppUITests.framework in Frameworks */,
			);
			runOnlyForDeploymentPostprocessing = 0;
		};
/* End PBXFrameworksBuildPhase section */

/* Begin PBXGroup section */
		24E8DB2AEF94879DADF9DFE0 /* Pods */ = {
			isa = PBXGroup;
			children = (
				02C8B345954AE681B794045E /* Pods-CalculatorApp.debug.xcconfig */,
				5E6DB7855636992F33F5878C /* Pods-CalculatorApp.release.xcconfig */,
				1D6311637BE3AB31623D336C /* Pods-CalculatorApp-CalculatorAppUITests.debug.xcconfig */,
				9DDCEEDEF9FFCD87F7AC4511 /* Pods-CalculatorApp-CalculatorAppUITests.release.xcconfig */,
				7E50947FDB877F4A7F9827D7 /* Pods-CalculatorAppTests.debug.xcconfig */,
				7E7F3CECF1AFD311B4559F23 /* Pods-CalculatorAppTests.release.xcconfig */,
			);
			name = Pods;
			path = Pods;
			sourceTree = "<group>";
		};
		4227E7F93D1ED6C8C48B3816 /* Frameworks */ = {
			isa = PBXGroup;
			children = (
				DEAD07B13ACF428BC44AF761 /* Pods_CalculatorApp.framework */,
				0C801E362F215127CA114AF2 /* Pods_CalculatorApp_CalculatorAppUITests.framework */,
				FB831F9786E1A1436D905125 /* Pods_CalculatorAppTests.framework */,
			);
			name = Frameworks;
			sourceTree = "<group>";
		};
		CC9CC33124014A920066FC52 = {
			isa = PBXGroup;
			children = (
				CC9CC33C24014A920066FC52 /* CalculatorApp */,
				CC9CC35324014A920066FC52 /* CalculatorAppTests */,
				CC9CC35E24014A920066FC52 /* CalculatorAppUITests */,
				CC9CC33B24014A920066FC52 /* Products */,
				24E8DB2AEF94879DADF9DFE0 /* Pods */,
				4227E7F93D1ED6C8C48B3816 /* Frameworks */,
			);
			sourceTree = "<group>";
		};
		CC9CC33B24014A920066FC52 /* Products */ = {
			isa = PBXGroup;
			children = (
				CC9CC33A24014A920066FC52 /* CalculatorApp.app */,
				CC9CC35024014A920066FC52 /* CalculatorAppTests.xctest */,
				CC9CC35B24014A920066FC52 /* CalculatorAppUITests.xctest */,
			);
			name = Products;
			sourceTree = "<group>";
		};
		CC9CC33C24014A920066FC52 /* CalculatorApp */ = {
			isa = PBXGroup;
			children = (
				CC9CC33D24014A920066FC52 /* AppDelegate.swift */,
				CC9CC33F24014A920066FC52 /* SceneDelegate.swift */,
				CC9CC34124014A920066FC52 /* ContentView.swift */,
				CC9CC34324014A920066FC52 /* Assets.xcassets */,
				CC9CC34824014A920066FC52 /* LaunchScreen.storyboard */,
				CC9CC34B24014A920066FC52 /* Info.plist */,
				CC9CC34524014A920066FC52 /* Preview Content */,
			);
			path = CalculatorApp;
			sourceTree = "<group>";
		};
		CC9CC34524014A920066FC52 /* Preview Content */ = {
			isa = PBXGroup;
			children = (
				CC9CC34624014A920066FC52 /* Preview Assets.xcassets */,
			);
			path = "Preview Content";
			sourceTree = "<group>";
		};
		CC9CC35324014A920066FC52 /* CalculatorAppTests */ = {
			isa = PBXGroup;
			children = (
				CC9CC35424014A920066FC52 /* CalculatorAppTests.swift */,
				CC9CC35624014A920066FC52 /* Info.plist */,
			);
			path = CalculatorAppTests;
			sourceTree = "<group>";
		};
		CC9CC35E24014A920066FC52 /* CalculatorAppUITests */ = {
			isa = PBXGroup;
			children = (
				CC9CC35F24014A920066FC52 /* CalculatorAppUITests.swift */,
				CC9CC36124014A920066FC52 /* Info.plist */,
			);
			path = CalculatorAppUITests;
			sourceTree = "<group>";
		};
/* End PBXGroup section */

/* Begin PBXNativeTarget section */
		CC9CC33924014A920066FC52 /* CalculatorApp */ = {
			isa = PBXNativeTarget;
			buildConfigurationList = CC9CC36424014A920066FC52 /* Build configuration list for PBXNativeTarget "CalculatorApp" */;
			buildPhases = (
				A7CDA4B6C220B6026D38BB45 /* [CP] Check Pods Manifest.lock */,
				CC9CC33624014A920066FC52 /* Sources */,
				CC9CC33724014A920066FC52 /* Frameworks */,
				CC9CC33824014A920066FC52 /* Resources */,
				FD7D35B873400EAF1713AB80 /* [CP] Embed Pods Frameworks */,
			);
			buildRules = (
			);
			dependencies = (
			);
			name = CalculatorApp;
			productName = CalculatorApp;
			productReference = CC9CC33A24014A920066FC52 /* CalculatorApp.app */;
			productType = "com.apple.product-type.application";
		};
		CC9CC34F24014A920066FC52 /* CalculatorAppTests */ = {
			isa = PBXNativeTarget;
			buildConfigurationList = CC9CC36724014A920066FC52 /* Build configuration list for PBXNativeTarget "CalculatorAppTests" */;
			buildPhases = (
				255A927579FF4C957FA3713C /* [CP] Check Pods Manifest.lock */,
				CC9CC34C24014A920066FC52 /* Sources */,
				CC9CC34D24014A920066FC52 /* Frameworks */,
				CC9CC34E24014A920066FC52 /* Resources */,
			);
			buildRules = (
			);
			dependencies = (
				CC9CC35224014A920066FC52 /* PBXTargetDependency */,
			);
			name = CalculatorAppTests;
			productName = CalculatorAppTests;
			productReference = CC9CC35024014A920066FC52 /* CalculatorAppTests.xctest */;
			productType = "com.apple.product-type.bundle.unit-test";
		};
		CC9CC35A24014A920066FC52 /* CalculatorAppUITests */ = {
			isa = PBXNativeTarget;
			buildConfigurationList = CC9CC36A24014A920066FC52 /* Build configuration list for PBXNativeTarget "CalculatorAppUITests" */;
			buildPhases = (
				7377FBDD0112A03AB067614D /* [CP] Check Pods Manifest.lock */,
				CC9CC35724014A920066FC52 /* Sources */,
				CC9CC35824014A920066FC52 /* Frameworks */,
				CC9CC35924014A920066FC52 /* Resources */,
				1C9BBCCF5780287AA871AC9D /* [CP] Embed Pods Frameworks */,
			);
			buildRules = (
			);
			dependencies = (
				CC9CC35D24014A920066FC52 /* PBXTargetDependency */,
			);
			name = CalculatorAppUITests;
			productName = CalculatorAppUITests;
			productReference = CC9CC35B24014A920066FC52 /* CalculatorAppUITests.xctest */;
			productType = "com.apple.product-type.bundle.ui-testing";
		};
/* End PBXNativeTarget section */

/* Begin PBXProject section */
		CC9CC33224014A920066FC52 /* Project object */ = {
			isa = PBXProject;
			attributes = {
				LastSwiftUpdateCheck = 1130;
				LastUpgradeCheck = 1130;
				ORGANIZATIONNAME = AtsushiShimizu;
				TargetAttributes = {
					CC9CC33924014A920066FC52 = {
						CreatedOnToolsVersion = 11.3.1;
					};
					CC9CC34F24014A920066FC52 = {
						CreatedOnToolsVersion = 11.3.1;
						TestTargetID = CC9CC33924014A920066FC52;
					};
					CC9CC35A24014A920066FC52 = {
						CreatedOnToolsVersion = 11.3.1;
						TestTargetID = CC9CC33924014A920066FC52;
					};
				};
			};
			buildConfigurationList = CC9CC33524014A920066FC52 /* Build configuration list for PBXProject "CalculatorApp" */;
			compatibilityVersion = "Xcode 9.3";
			developmentRegion = en;
			hasScannedForEncodings = 0;
			knownRegions = (
				en,
				Base,
			);
			mainGroup = CC9CC33124014A920066FC52;
			productRefGroup = CC9CC33B24014A920066FC52 /* Products */;
			projectDirPath = "";
			projectRoot = "";
			targets = (
				CC9CC33924014A920066FC52 /* CalculatorApp */,
				CC9CC34F24014A920066FC52 /* CalculatorAppTests */,
				CC9CC35A24014A920066FC52 /* CalculatorAppUITests */,
			);
		};
/* End PBXProject section */

/* Begin PBXResourcesBuildPhase section */
		CC9CC33824014A920066FC52 /* Resources */ = {
			isa = PBXResourcesBuildPhase;
			buildActionMask = 2147483647;
			files = (
				CC9CC34A24014A920066FC52 /* LaunchScreen.storyboard in Resources */,
				CC9CC34724014A920066FC52 /* Preview Assets.xcassets in Resources */,
				CC9CC34424014A920066FC52 /* Assets.xcassets in Resources */,
			);
			runOnlyForDeploymentPostprocessing = 0;
		};
		CC9CC34E24014A920066FC52 /* Resources */ = {
			isa = PBXResourcesBuildPhase;
			buildActionMask = 2147483647;
			files = (
			);
			runOnlyForDeploymentPostprocessing = 0;
		};
		CC9CC35924014A920066FC52 /* Resources */ = {
			isa = PBXResourcesBuildPhase;
			buildActionMask = 2147483647;
			files = (
			);
			runOnlyForDeploymentPostprocessing = 0;
		};
/* End PBXResourcesBuildPhase section */

/* Begin PBXShellScriptBuildPhase section */
		1C9BBCCF5780287AA871AC9D /* [CP] Embed Pods Frameworks */ = {
			isa = PBXShellScriptBuildPhase;
			buildActionMask = 2147483647;
			files = (
			);
			inputFileListPaths = (
				"${PODS_ROOT}/Target Support Files/Pods-CalculatorApp-CalculatorAppUITests/Pods-CalculatorApp-CalculatorAppUITests-frameworks-${CONFIGURATION}-input-files.xcfilelist",
			);
			name = "[CP] Embed Pods Frameworks";
			outputFileListPaths = (
				"${PODS_ROOT}/Target Support Files/Pods-CalculatorApp-CalculatorAppUITests/Pods-CalculatorApp-CalculatorAppUITests-frameworks-${CONFIGURATION}-output-files.xcfilelist",
			);
			runOnlyForDeploymentPostprocessing = 0;
			shellPath = /bin/sh;
			shellScript = "\"${PODS_ROOT}/Target Support Files/Pods-CalculatorApp-CalculatorAppUITests/Pods-CalculatorApp-CalculatorAppUITests-frameworks.sh\"\n";
			showEnvVarsInLog = 0;
		};
		255A927579FF4C957FA3713C /* [CP] Check Pods Manifest.lock */ = {
			isa = PBXShellScriptBuildPhase;
			buildActionMask = 2147483647;
			files = (
			);
			inputFileListPaths = (
			);
			inputPaths = (
				"${PODS_PODFILE_DIR_PATH}/Podfile.lock",
				"${PODS_ROOT}/Manifest.lock",
			);
			name = "[CP] Check Pods Manifest.lock";
			outputFileListPaths = (
			);
			outputPaths = (
				"$(DERIVED_FILE_DIR)/Pods-CalculatorAppTests-checkManifestLockResult.txt",
			);
			runOnlyForDeploymentPostprocessing = 0;
			shellPath = /bin/sh;
			shellScript = "diff \"${PODS_PODFILE_DIR_PATH}/Podfile.lock\" \"${PODS_ROOT}/Manifest.lock\" > /dev/null\nif [ $? != 0 ] ; then\n    # print error to STDERR\n    echo \"error: The sandbox is not in sync with the Podfile.lock. Run 'pod install' or update your CocoaPods installation.\" >&2\n    exit 1\nfi\n# This output is used by Xcode 'outputs' to avoid re-running this script phase.\necho \"SUCCESS\" > \"${SCRIPT_OUTPUT_FILE_0}\"\n";
			showEnvVarsInLog = 0;
		};
		7377FBDD0112A03AB067614D /* [CP] Check Pods Manifest.lock */ = {
			isa = PBXShellScriptBuildPhase;
			buildActionMask = 2147483647;
			files = (
			);
			inputFileListPaths = (
			);
			inputPaths = (
				"${PODS_PODFILE_DIR_PATH}/Podfile.lock",
				"${PODS_ROOT}/Manifest.lock",
			);
			name = "[CP] Check Pods Manifest.lock";
			outputFileListPaths = (
			);
			outputPaths = (
				"$(DERIVED_FILE_DIR)/Pods-CalculatorApp-CalculatorAppUITests-checkManifestLockResult.txt",
			);
			runOnlyForDeploymentPostprocessing = 0;
			shellPath = /bin/sh;
			shellScript = "diff \"${PODS_PODFILE_DIR_PATH}/Podfile.lock\" \"${PODS_ROOT}/Manifest.lock\" > /dev/null\nif [ $? != 0 ] ; then\n    # print error to STDERR\n    echo \"error: The sandbox is not in sync with the Podfile.lock. Run 'pod install' or update your CocoaPods installation.\" >&2\n    exit 1\nfi\n# This output is used by Xcode 'outputs' to avoid re-running this script phase.\necho \"SUCCESS\" > \"${SCRIPT_OUTPUT_FILE_0}\"\n";
			showEnvVarsInLog = 0;
		};
		A7CDA4B6C220B6026D38BB45 /* [CP] Check Pods Manifest.lock */ = {
			isa = PBXShellScriptBuildPhase;
			buildActionMask = 2147483647;
			files = (
			);
			inputFileListPaths = (
			);
			inputPaths = (
				"${PODS_PODFILE_DIR_PATH}/Podfile.lock",
				"${PODS_ROOT}/Manifest.lock",
			);
			name = "[CP] Check Pods Manifest.lock";
			outputFileListPaths = (
			);
			outputPaths = (
				"$(DERIVED_FILE_DIR)/Pods-CalculatorApp-checkManifestLockResult.txt",
			);
			runOnlyForDeploymentPostprocessing = 0;
			shellPath = /bin/sh;
			shellScript = "diff \"${PODS_PODFILE_DIR_PATH}/Podfile.lock\" \"${PODS_ROOT}/Manifest.lock\" > /dev/null\nif [ $? != 0 ] ; then\n    # print error to STDERR\n    echo \"error: The sandbox is not in sync with the Podfile.lock. Run 'pod install' or update your CocoaPods installation.\" >&2\n    exit 1\nfi\n# This output is used by Xcode 'outputs' to avoid re-running this script phase.\necho \"SUCCESS\" > \"${SCRIPT_OUTPUT_FILE_0}\"\n";
			showEnvVarsInLog = 0;
		};
		FD7D35B873400EAF1713AB80 /* [CP] Embed Pods Frameworks */ = {
			isa = PBXShellScriptBuildPhase;
			buildActionMask = 2147483647;
			files = (
			);
			inputFileListPaths = (
				"${PODS_ROOT}/Target Support Files/Pods-CalculatorApp/Pods-CalculatorApp-frameworks-${CONFIGURATION}-input-files.xcfilelist",
			);
			name = "[CP] Embed Pods Frameworks";
			outputFileListPaths = (
				"${PODS_ROOT}/Target Support Files/Pods-CalculatorApp/Pods-CalculatorApp-frameworks-${CONFIGURATION}-output-files.xcfilelist",
			);
			runOnlyForDeploymentPostprocessing = 0;
			shellPath = /bin/sh;
			shellScript = "\"${PODS_ROOT}/Target Support Files/Pods-CalculatorApp/Pods-CalculatorApp-frameworks.sh\"\n";
			showEnvVarsInLog = 0;
		};
/* End PBXShellScriptBuildPhase section */

/* Begin PBXSourcesBuildPhase section */
		CC9CC33624014A920066FC52 /* Sources */ = {
			isa = PBXSourcesBuildPhase;
			buildActionMask = 2147483647;
			files = (
				CC9CC33E24014A920066FC52 /* AppDelegate.swift in Sources */,
				CC9CC34024014A920066FC52 /* SceneDelegate.swift in Sources */,
				CC9CC34224014A920066FC52 /* ContentView.swift in Sources */,
			);
			runOnlyForDeploymentPostprocessing = 0;
		};
		CC9CC34C24014A920066FC52 /* Sources */ = {
			isa = PBXSourcesBuildPhase;
			buildActionMask = 2147483647;
			files = (
				CC9CC35524014A920066FC52 /* CalculatorAppTests.swift in Sources */,
			);
			runOnlyForDeploymentPostprocessing = 0;
		};
		CC9CC35724014A920066FC52 /* Sources */ = {
			isa = PBXSourcesBuildPhase;
			buildActionMask = 2147483647;
			files = (
				CC9CC36024014A920066FC52 /* CalculatorAppUITests.swift in Sources */,
			);
			runOnlyForDeploymentPostprocessing = 0;
		};
/* End PBXSourcesBuildPhase section */

/* Begin PBXTargetDependency section */
		CC9CC35224014A920066FC52 /* PBXTargetDependency */ = {
			isa = PBXTargetDependency;
			target = CC9CC33924014A920066FC52 /* CalculatorApp */;
			targetProxy = CC9CC35124014A920066FC52 /* PBXContainerItemProxy */;
		};
		CC9CC35D24014A920066FC52 /* PBXTargetDependency */ = {
			isa = PBXTargetDependency;
			target = CC9CC33924014A920066FC52 /* CalculatorApp */;
			targetProxy = CC9CC35C24014A920066FC52 /* PBXContainerItemProxy */;
		};
/* End PBXTargetDependency section */

/* Begin PBXVariantGroup section */
		CC9CC34824014A920066FC52 /* LaunchScreen.storyboard */ = {
			isa = PBXVariantGroup;
			children = (
				CC9CC34924014A920066FC52 /* Base */,
			);
			name = LaunchScreen.storyboard;
			sourceTree = "<group>";
		};
/* End PBXVariantGroup section */

/* Begin XCBuildConfiguration section */
		CC9CC36224014A920066FC52 /* Debug */ = {
			isa = XCBuildConfiguration;
			buildSettings = {
				ALWAYS_SEARCH_USER_PATHS = NO;
				CLANG_ANALYZER_NONNULL = YES;
				CLANG_ANALYZER_NUMBER_OBJECT_CONVERSION = YES_AGGRESSIVE;
				CLANG_CXX_LANGUAGE_STANDARD = "gnu++14";
				CLANG_CXX_LIBRARY = "libc++";
				CLANG_ENABLE_MODULES = YES;
				CLANG_ENABLE_OBJC_ARC = YES;
				CLANG_ENABLE_OBJC_WEAK = YES;
				CLANG_WARN_BLOCK_CAPTURE_AUTORELEASING = YES;
				CLANG_WARN_BOOL_CONVERSION = YES;
				CLANG_WARN_COMMA = YES;
				CLANG_WARN_CONSTANT_CONVERSION = YES;
				CLANG_WARN_DEPRECATED_OBJC_IMPLEMENTATIONS = YES;
				CLANG_WARN_DIRECT_OBJC_ISA_USAGE = YES_ERROR;
				CLANG_WARN_DOCUMENTATION_COMMENTS = YES;
				CLANG_WARN_EMPTY_BODY = YES;
				CLANG_WARN_ENUM_CONVERSION = YES;
				CLANG_WARN_INFINITE_RECURSION = YES;
				CLANG_WARN_INT_CONVERSION = YES;
				CLANG_WARN_NON_LITERAL_NULL_CONVERSION = YES;
				CLANG_WARN_OBJC_IMPLICIT_RETAIN_SELF = YES;
				CLANG_WARN_OBJC_LITERAL_CONVERSION = YES;
				CLANG_WARN_OBJC_ROOT_CLASS = YES_ERROR;
				CLANG_WARN_RANGE_LOOP_ANALYSIS = YES;
				CLANG_WARN_STRICT_PROTOTYPES = YES;
				CLANG_WARN_SUSPICIOUS_MOVE = YES;
				CLANG_WARN_UNGUARDED_AVAILABILITY = YES_AGGRESSIVE;
				CLANG_WARN_UNREACHABLE_CODE = YES;
				CLANG_WARN__DUPLICATE_METHOD_MATCH = YES;
				COPY_PHASE_STRIP = NO;
				DEBUG_INFORMATION_FORMAT = dwarf;
				ENABLE_STRICT_OBJC_MSGSEND = YES;
				ENABLE_TESTABILITY = YES;
				GCC_C_LANGUAGE_STANDARD = gnu11;
				GCC_DYNAMIC_NO_PIC = NO;
				GCC_NO_COMMON_BLOCKS = YES;
				GCC_OPTIMIZATION_LEVEL = 0;
				GCC_PREPROCESSOR_DEFINITIONS = (
					"DEBUG=1",
					"$(inherited)",
				);
				GCC_WARN_64_TO_32_BIT_CONVERSION = YES;
				GCC_WARN_ABOUT_RETURN_TYPE = YES_ERROR;
				GCC_WARN_UNDECLARED_SELECTOR = YES;
				GCC_WARN_UNINITIALIZED_AUTOS = YES_AGGRESSIVE;
				GCC_WARN_UNUSED_FUNCTION = YES;
				GCC_WARN_UNUSED_VARIABLE = YES;
				IPHONEOS_DEPLOYMENT_TARGET = 13.2;
				MTL_ENABLE_DEBUG_INFO = INCLUDE_SOURCE;
				MTL_FAST_MATH = YES;
				ONLY_ACTIVE_ARCH = YES;
				SDKROOT = iphoneos;
				SWIFT_ACTIVE_COMPILATION_CONDITIONS = DEBUG;
				SWIFT_OPTIMIZATION_LEVEL = "-Onone";
			};
			name = Debug;
		};
		CC9CC36324014A920066FC52 /* Release */ = {
			isa = XCBuildConfiguration;
			buildSettings = {
				ALWAYS_SEARCH_USER_PATHS = NO;
				CLANG_ANALYZER_NONNULL = YES;
				CLANG_ANALYZER_NUMBER_OBJECT_CONVERSION = YES_AGGRESSIVE;
				CLANG_CXX_LANGUAGE_STANDARD = "gnu++14";
				CLANG_CXX_LIBRARY = "libc++";
				CLANG_ENABLE_MODULES = YES;
				CLANG_ENABLE_OBJC_ARC = YES;
				CLANG_ENABLE_OBJC_WEAK = YES;
				CLANG_WARN_BLOCK_CAPTURE_AUTORELEASING = YES;
				CLANG_WARN_BOOL_CONVERSION = YES;
				CLANG_WARN_COMMA = YES;
				CLANG_WARN_CONSTANT_CONVERSION = YES;
				CLANG_WARN_DEPRECATED_OBJC_IMPLEMENTATIONS = YES;
				CLANG_WARN_DIRECT_OBJC_ISA_USAGE = YES_ERROR;
				CLANG_WARN_DOCUMENTATION_COMMENTS = YES;
				CLANG_WARN_EMPTY_BODY = YES;
				CLANG_WARN_ENUM_CONVERSION = YES;
				CLANG_WARN_INFINITE_RECURSION = YES;
				CLANG_WARN_INT_CONVERSION = YES;
				CLANG_WARN_NON_LITERAL_NULL_CONVERSION = YES;
				CLANG_WARN_OBJC_IMPLICIT_RETAIN_SELF = YES;
				CLANG_WARN_OBJC_LITERAL_CONVERSION = YES;
				CLANG_WARN_OBJC_ROOT_CLASS = YES_ERROR;
				CLANG_WARN_RANGE_LOOP_ANALYSIS = YES;
				CLANG_WARN_STRICT_PROTOTYPES = YES;
				CLANG_WARN_SUSPICIOUS_MOVE = YES;
				CLANG_WARN_UNGUARDED_AVAILABILITY = YES_AGGRESSIVE;
				CLANG_WARN_UNREACHABLE_CODE = YES;
				CLANG_WARN__DUPLICATE_METHOD_MATCH = YES;
				COPY_PHASE_STRIP = NO;
				DEBUG_INFORMATION_FORMAT = "dwarf-with-dsym";
				ENABLE_NS_ASSERTIONS = NO;
				ENABLE_STRICT_OBJC_MSGSEND = YES;
				GCC_C_LANGUAGE_STANDARD = gnu11;
				GCC_NO_COMMON_BLOCKS = YES;
				GCC_WARN_64_TO_32_BIT_CONVERSION = YES;
				GCC_WARN_ABOUT_RETURN_TYPE = YES_ERROR;
				GCC_WARN_UNDECLARED_SELECTOR = YES;
				GCC_WARN_UNINITIALIZED_AUTOS = YES_AGGRESSIVE;
				GCC_WARN_UNUSED_FUNCTION = YES;
				GCC_WARN_UNUSED_VARIABLE = YES;
				IPHONEOS_DEPLOYMENT_TARGET = 13.2;
				MTL_ENABLE_DEBUG_INFO = NO;
				MTL_FAST_MATH = YES;
				SDKROOT = iphoneos;
				SWIFT_COMPILATION_MODE = wholemodule;
				SWIFT_OPTIMIZATION_LEVEL = "-O";
				VALIDATE_PRODUCT = YES;
			};
			name = Release;
		};
		CC9CC36524014A920066FC52 /* Debug */ = {
			isa = XCBuildConfiguration;
			baseConfigurationReference = 02C8B345954AE681B794045E /* Pods-CalculatorApp.debug.xcconfig */;
			buildSettings = {
				ASSETCATALOG_COMPILER_APPICON_NAME = AppIcon;
				CODE_SIGN_STYLE = Automatic;
				DEVELOPMENT_ASSET_PATHS = "\"CalculatorApp/Preview Content\"";
				ENABLE_PREVIEWS = YES;
				INFOPLIST_FILE = CalculatorApp/Info.plist;
				LD_RUNPATH_SEARCH_PATHS = (
					"$(inherited)",
					"@executable_path/Frameworks",
				);
				PRODUCT_BUNDLE_IDENTIFIER = com.ats432.CalculatorApp;
				PRODUCT_NAME = "$(TARGET_NAME)";
				SWIFT_VERSION = 5.0;
				TARGETED_DEVICE_FAMILY = "1,2";
			};
			name = Debug;
		};
		CC9CC36624014A920066FC52 /* Release */ = {
			isa = XCBuildConfiguration;
			baseConfigurationReference = 5E6DB7855636992F33F5878C /* Pods-CalculatorApp.release.xcconfig */;
			buildSettings = {
				ASSETCATALOG_COMPILER_APPICON_NAME = AppIcon;
				CODE_SIGN_STYLE = Automatic;
				DEVELOPMENT_ASSET_PATHS = "\"CalculatorApp/Preview Content\"";
				ENABLE_PREVIEWS = YES;
				INFOPLIST_FILE = CalculatorApp/Info.plist;
				LD_RUNPATH_SEARCH_PATHS = (
					"$(inherited)",
					"@executable_path/Frameworks",
				);
				PRODUCT_BUNDLE_IDENTIFIER = com.ats432.CalculatorApp;
				PRODUCT_NAME = "$(TARGET_NAME)";
				SWIFT_VERSION = 5.0;
				TARGETED_DEVICE_FAMILY = "1,2";
			};
			name = Release;
		};
		CC9CC36824014A920066FC52 /* Debug */ = {
			isa = XCBuildConfiguration;
			baseConfigurationReference = 7E50947FDB877F4A7F9827D7 /* Pods-CalculatorAppTests.debug.xcconfig */;
			buildSettings = {
				ALWAYS_EMBED_SWIFT_STANDARD_LIBRARIES = YES;
				BUNDLE_LOADER = "$(TEST_HOST)";
				CODE_SIGN_STYLE = Automatic;
				INFOPLIST_FILE = CalculatorAppTests/Info.plist;
				IPHONEOS_DEPLOYMENT_TARGET = 13.2;
				LD_RUNPATH_SEARCH_PATHS = (
					"$(inherited)",
					"@executable_path/Frameworks",
					"@loader_path/Frameworks",
				);
				PRODUCT_BUNDLE_IDENTIFIER = com.ats432.CalculatorAppTests;
				PRODUCT_NAME = "$(TARGET_NAME)";
				SWIFT_VERSION = 5.0;
				TARGETED_DEVICE_FAMILY = "1,2";
				TEST_HOST = "$(BUILT_PRODUCTS_DIR)/CalculatorApp.app/CalculatorApp";
			};
			name = Debug;
		};
		CC9CC36924014A920066FC52 /* Release */ = {
			isa = XCBuildConfiguration;
			baseConfigurationReference = 7E7F3CECF1AFD311B4559F23 /* Pods-CalculatorAppTests.release.xcconfig */;
			buildSettings = {
				ALWAYS_EMBED_SWIFT_STANDARD_LIBRARIES = YES;
				BUNDLE_LOADER = "$(TEST_HOST)";
				CODE_SIGN_STYLE = Automatic;
				INFOPLIST_FILE = CalculatorAppTests/Info.plist;
				IPHONEOS_DEPLOYMENT_TARGET = 13.2;
				LD_RUNPATH_SEARCH_PATHS = (
					"$(inherited)",
					"@executable_path/Frameworks",
					"@loader_path/Frameworks",
				);
				PRODUCT_BUNDLE_IDENTIFIER = com.ats432.CalculatorAppTests;
				PRODUCT_NAME = "$(TARGET_NAME)";
				SWIFT_VERSION = 5.0;
				TARGETED_DEVICE_FAMILY = "1,2";
				TEST_HOST = "$(BUILT_PRODUCTS_DIR)/CalculatorApp.app/CalculatorApp";
			};
			name = Release;
		};
		CC9CC36B24014A920066FC52 /* Debug */ = {
			isa = XCBuildConfiguration;
			baseConfigurationReference = 1D6311637BE3AB31623D336C /* Pods-CalculatorApp-CalculatorAppUITests.debug.xcconfig */;
			buildSettings = {
				ALWAYS_EMBED_SWIFT_STANDARD_LIBRARIES = YES;
				CODE_SIGN_STYLE = Automatic;
				INFOPLIST_FILE = CalculatorAppUITests/Info.plist;
				LD_RUNPATH_SEARCH_PATHS = (
					"$(inherited)",
					"@executable_path/Frameworks",
					"@loader_path/Frameworks",
				);
				PRODUCT_BUNDLE_IDENTIFIER = com.ats432.CalculatorAppUITests;
				PRODUCT_NAME = "$(TARGET_NAME)";
				SWIFT_VERSION = 5.0;
				TARGETED_DEVICE_FAMILY = "1,2";
				TEST_TARGET_NAME = CalculatorApp;
			};
			name = Debug;
		};
		CC9CC36C24014A920066FC52 /* Release */ = {
			isa = XCBuildConfiguration;
			baseConfigurationReference = 9DDCEEDEF9FFCD87F7AC4511 /* Pods-CalculatorApp-CalculatorAppUITests.release.xcconfig */;
			buildSettings = {
				ALWAYS_EMBED_SWIFT_STANDARD_LIBRARIES = YES;
				CODE_SIGN_STYLE = Automatic;
				INFOPLIST_FILE = CalculatorAppUITests/Info.plist;
				LD_RUNPATH_SEARCH_PATHS = (
					"$(inherited)",
					"@executable_path/Frameworks",
					"@loader_path/Frameworks",
				);
				PRODUCT_BUNDLE_IDENTIFIER = com.ats432.CalculatorAppUITests;
				PRODUCT_NAME = "$(TARGET_NAME)";
				SWIFT_VERSION = 5.0;
				TARGETED_DEVICE_FAMILY = "1,2";
				TEST_TARGET_NAME = CalculatorApp;
			};
			name = Release;
		};
/* End XCBuildConfiguration section */

/* Begin XCConfigurationList section */
		CC9CC33524014A920066FC52 /* Build configuration list for PBXProject "CalculatorApp" */ = {
			isa = XCConfigurationList;
			buildConfigurations = (
				CC9CC36224014A920066FC52 /* Debug */,
				CC9CC36324014A920066FC52 /* Release */,
			);
			defaultConfigurationIsVisible = 0;
			defaultConfigurationName = Release;
		};
		CC9CC36424014A920066FC52 /* Build configuration list for PBXNativeTarget "CalculatorApp" */ = {
			isa = XCConfigurationList;
			buildConfigurations = (
				CC9CC36524014A920066FC52 /* Debug */,
				CC9CC36624014A920066FC52 /* Release */,
			);
			defaultConfigurationIsVisible = 0;
			defaultConfigurationName = Release;
		};
		CC9CC36724014A920066FC52 /* Build configuration list for PBXNativeTarget "CalculatorAppTests" */ = {
			isa = XCConfigurationList;
			buildConfigurations = (
				CC9CC36824014A920066FC52 /* Debug */,
				CC9CC36924014A920066FC52 /* Release */,
			);
			defaultConfigurationIsVisible = 0;
			defaultConfigurationName = Release;
		};
		CC9CC36A24014A920066FC52 /* Build configuration list for PBXNativeTarget "CalculatorAppUITests" */ = {
			isa = XCConfigurationList;
			buildConfigurations = (
				CC9CC36B24014A920066FC52 /* Debug */,
				CC9CC36C24014A920066FC52 /* Release */,
			);
			defaultConfigurationIsVisible = 0;
			defaultConfigurationName = Release;
		};
/* End XCConfigurationList section */
	};
	rootObject = CC9CC33224014A920066FC52 /* Project object */;
}
